
Microsoft Visual Studio Solution File, Format Version 12.00
# Visual Studio Version 16
VisualStudioVersion = 16.0.31605.320
MinimumVisualStudioVersion = 10.0.40219.1
Project("{FAE04EC0-301F-11D3-BF4B-00C04F79EFBC}") = "Third", "Third\Third.csproj", "{C24E59EB-E515-43E4-8FA1-C5E681B0F6EF}"
EndProject
Global
	GlobalSection(SolutionConfigurationPlatforms) = preSolution
		Debug|Any CPU = Debug|Any CPU
		Release|Any CPU = Release|Any CPU
	EndGlobalSection
	GlobalSection(ProjectConfigurationPlatforms) = postSolution
		{C24E59EB-E515-43E4-8FA1-C5E681B0F6EF}.Debug|Any CPU.ActiveCfg = Debug|Any CPU
		{C24E59EB-E515-43E4-8FA1-C5E681B0F6EF}.Debug|Any CPU.Build.0 = Debug|Any CPU
		{C24E59EB-E515-43E4-8FA1-C5E681B0F6EF}.Release|Any CPU.ActiveCfg = Release|Any CPU
		{C24E59EB-E515-43E4-8FA1-C5E681B0F6EF}.Release|Any CPU.Build.0 = Release|Any CPU
	EndGlobalSection
	GlobalSection(SolutionProperties) = preSolution
		HideSolutionNode = FALSE
	EndGlobalSection
	GlobalSection(ExtensibilityGlobals) = postSolution
		SolutionGuid = {01107806-31DC-4ECE-8179-07E62C02A5F9}
	EndGlobalSection
EndGlobal
